
Microsoft Visual Studio Solution File, Format Version 12.00
# Visual Studio 15
VisualStudioVersion = 15.0.28307.329
MinimumVisualStudioVersion = 10.0.40219.1
Project("{FAE04EC0-301F-11D3-BF4B-00C04F79EFBC}") = "CollegeManagement", "CollegeManagement\CollegeManagement.csproj", "{B648F339-764C-42DB-9FFE-977E07731FD4}"
EndProject
Project("{FAE04EC0-301F-11D3-BF4B-00C04F79EFBC}") = "CollegeManagement.Data", "CollegeManagement.Data\CollegeManagement.Data.csproj", "{5A788463-2F77-45F1-B1D6-8724C3D3722E}"
EndProject
Global
	GlobalSection(SolutionConfigurationPlatforms) = preSolution
		Debug|Any CPU = Debug|Any CPU
		Release|Any CPU = Release|Any CPU
	EndGlobalSection
	GlobalSection(ProjectConfigurationPlatforms) = postSolution
		{B648F339-764C-42DB-9FFE-977E07731FD4}.Debug|Any CPU.ActiveCfg = Debug|Any CPU
		{B648F339-764C-42DB-9FFE-977E07731FD4}.Debug|Any CPU.Build.0 = Debug|Any CPU
		{B648F339-764C-42DB-9FFE-977E07731FD4}.Release|Any CPU.ActiveCfg = Release|Any CPU
		{B648F339-764C-42DB-9FFE-977E07731FD4}.Release|Any CPU.Build.0 = Release|Any CPU
		{5A788463-2F77-45F1-B1D6-8724C3D3722E}.Debug|Any CPU.ActiveCfg = Debug|Any CPU
		{5A788463-2F77-45F1-B1D6-8724C3D3722E}.Debug|Any CPU.Build.0 = Debug|Any CPU
		{5A788463-2F77-45F1-B1D6-8724C3D3722E}.Release|Any CPU.ActiveCfg = Release|Any CPU
		{5A788463-2F77-45F1-B1D6-8724C3D3722E}.Release|Any CPU.Build.0 = Release|Any CPU
	EndGlobalSection
	GlobalSection(SolutionProperties) = preSolution
		HideSolutionNode = FALSE
	EndGlobalSection
	GlobalSection(ExtensibilityGlobals) = postSolution
		SolutionGuid = {64E8DA38-EFB9-423B-A3D3-E5657A00EEDE}
	EndGlobalSection
EndGlobal
